// !$*UTF8*$!
{
	archiveVersion = 1;
	classes = {
	};
	objectVersion = 50;
	objects = {

/* Begin PBXBuildFile section */
		211281F921BEBBB90016E7F9 /* MyFramework2.framework in Frameworks */ = {isa = PBXBuildFile; fileRef = 211281EF21BEBBB90016E7F9 /* MyFramework2.framework */; };
		211281FE21BEBBB90016E7F9 /* MyFramework2Tests.swift in Sources */ = {isa = PBXBuildFile; fileRef = 211281FD21BEBBB90016E7F9 /* MyFramework2Tests.swift */; };
		2112820021BEBBB90016E7F9 /* MyFramework2.h in Headers */ = {isa = PBXBuildFile; fileRef = 211281F221BEBBB90016E7F9 /* MyFramework2.h */; settings = {ATTRIBUTES = (Public, ); }; };
		2112820A21BEBC600016E7F9 /* MyClass.swift in Sources */ = {isa = PBXBuildFile; fileRef = 2112820921BEBC600016E7F9 /* MyClass.swift */; };
/* End PBXBuildFile section */

/* Begin PBXContainerItemProxy section */
		211281FA21BEBBB90016E7F9 /* PBXContainerItemProxy */ = {
			isa = PBXContainerItemProxy;
			containerPortal = 211281E621BEBBB90016E7F9 /* Project object */;
			proxyType = 1;
			remoteGlobalIDString = 211281EE21BEBBB90016E7F9;
			remoteInfo = MyFramework2;
		};
/* End PBXContainerItemProxy section */

/* Begin PBXFileReference section */
		211281EF21BEBBB90016E7F9 /* MyFramework2.framework */ = {isa = PBXFileReference; explicitFileType = wrapper.framework; includeInIndex = 0; path = MyFramework2.framework; sourceTree = BUILT_PRODUCTS_DIR; };
		211281F221BEBBB90016E7F9 /* MyFramework2.h */ = {isa = PBXFileReference; lastKnownFileType = sourcecode.c.h; path = MyFramework2.h; sourceTree = "<group>"; };
		211281F321BEBBB90016E7F9 /* Info.plist */ = {isa = PBXFileReference; lastKnownFileType = text.plist.xml; path = Info.plist; sourceTree = "<group>"; };
		211281F821BEBBB90016E7F9 /* MyFramework2Tests.xctest */ = {isa = PBXFileReference; explicitFileType = wrapper.cfbundle; includeInIndex = 0; path = MyFramework2Tests.xctest; sourceTree = BUILT_PRODUCTS_DIR; };
		211281FD21BEBBB90016E7F9 /* MyFramework2Tests.swift */ = {isa = PBXFileReference; lastKnownFileType = sourcecode.swift; path = MyFramework2Tests.swift; sourceTree = "<group>"; };
		211281FF21BEBBB90016E7F9 /* Info.plist */ = {isa = PBXFileReference; lastKnownFileType = text.plist.xml; path = Info.plist; sourceTree = "<group>"; };
		2112820921BEBC600016E7F9 /* MyClass.swift */ = {isa = PBXFileReference; lastKnownFileType = sourcecode.swift; path = MyClass.swift; sourceTree = "<group>"; };
/* End PBXFileReference section */

/* Begin PBXFrameworksBuildPhase section */
		211281EC21BEBBB90016E7F9 /* Frameworks */ = {
			isa = PBXFrameworksBuildPhase;
			buildActionMask = 2147483647;
			files = (
			);
			runOnlyForDeploymentPostprocessing = 0;
		};
		211281F521BEBBB90016E7F9 /* Frameworks */ = {
			isa = PBXFrameworksBuildPhase;
			buildActionMask = 2147483647;
			files = (
				211281F921BEBBB90016E7F9 /* MyFramework2.framework in Frameworks */,
			);
			runOnlyForDeploymentPostprocessing = 0;
		};
/* End PBXFrameworksBuildPhase section */

/* Begin PBXGroup section */
		211281E521BEBBB90016E7F9 = {
			isa = PBXGroup;
			children = (
				211281F121BEBBB90016E7F9 /* MyFramework2 */,
				211281FC21BEBBB90016E7F9 /* MyFramework2Tests */,
				211281F021BEBBB90016E7F9 /* Products */,
			);
			sourceTree = "<group>";
		};
		211281F021BEBBB90016E7F9 /* Products */ = {
			isa = PBXGroup;
			children = (
				211281EF21BEBBB90016E7F9 /* MyFramework2.framework */,
				211281F821BEBBB90016E7F9 /* MyFramework2Tests.xctest */,
			);
			name = Products;
			sourceTree = "<group>";
		};
		211281F121BEBBB90016E7F9 /* MyFramework2 */ = {
			isa = PBXGroup;
			children = (
				211281F221BEBBB90016E7F9 /* MyFramework2.h */,
				211281F321BEBBB90016E7F9 /* Info.plist */,
				2112820921BEBC600016E7F9 /* MyClass.swift */,
			);
			path = MyFramework2;
			sourceTree = "<group>";
		};
		211281FC21BEBBB90016E7F9 /* MyFramework2Tests */ = {
			isa = PBXGroup;
			children = (
				211281FD21BEBBB90016E7F9 /* MyFramework2Tests.swift */,
				211281FF21BEBBB90016E7F9 /* Info.plist */,
			);
			path = MyFramework2Tests;
			sourceTree = "<group>";
		};
/* End PBXGroup section */

/* Begin PBXHeadersBuildPhase section */
		211281EA21BEBBB90016E7F9 /* Headers */ = {
			isa = PBXHeadersBuildPhase;
			buildActionMask = 2147483647;
			files = (
				2112820021BEBBB90016E7F9 /* MyFramework2.h in Headers */,
			);
			runOnlyForDeploymentPostprocessing = 0;
		};
/* End PBXHeadersBuildPhase section */

/* Begin PBXNativeTarget section */
		211281EE21BEBBB90016E7F9 /* MyFramework2 */ = {
			isa = PBXNativeTarget;
			buildConfigurationList = 2112820321BEBBB90016E7F9 /* Build configuration list for PBXNativeTarget "MyFramework2" */;
			buildPhases = (
				211281EA21BEBBB90016E7F9 /* Headers */,
				211281EB21BEBBB90016E7F9 /* Sources */,
				211281EC21BEBBB90016E7F9 /* Frameworks */,
				211281ED21BEBBB90016E7F9 /* Resources */,
			);
			buildRules = (
			);
			dependencies = (
			);
			name = MyFramework2;
			productName = MyFramework2;
			productReference = 211281EF21BEBBB90016E7F9 /* MyFramework2.framework */;
			productType = "com.apple.product-type.framework";
		};
		211281F721BEBBB90016E7F9 /* MyFramework2Tests */ = {
			isa = PBXNativeTarget;
			buildConfigurationList = 2112820621BEBBB90016E7F9 /* Build configuration list for PBXNativeTarget "MyFramework2Tests" */;
			buildPhases = (
				211281F421BEBBB90016E7F9 /* Sources */,
				211281F521BEBBB90016E7F9 /* Frameworks */,
				211281F621BEBBB90016E7F9 /* Resources */,
			);
			buildRules = (
			);
			dependencies = (
				211281FB21BEBBB90016E7F9 /* PBXTargetDependency */,
			);
			name = MyFramework2Tests;
			productName = MyFramework2Tests;
			productReference = 211281F821BEBBB90016E7F9 /* MyFramework2Tests.xctest */;
			productType = "com.apple.product-type.bundle.unit-test";
		};
/* End PBXNativeTarget section */

/* Begin PBXProject section */
		211281E621BEBBB90016E7F9 /* Project object */ = {
			isa = PBXProject;
			attributes = {
				LastSwiftUpdateCheck = 1010;
				LastUpgradeCheck = 1010;
				ORGANIZATIONNAME = "范摇";
				TargetAttributes = {
					211281EE21BEBBB90016E7F9 = {
						CreatedOnToolsVersion = 10.1;
						LastSwiftMigration = 1010;
					};
					211281F721BEBBB90016E7F9 = {
						CreatedOnToolsVersion = 10.1;
					};
				};
			};
			buildConfigurationList = 211281E921BEBBB90016E7F9 /* Build configuration list for PBXProject "MyFramework2" */;
			compatibilityVersion = "Xcode 9.3";
			developmentRegion = en;
			hasScannedForEncodings = 0;
			knownRegions = (
				en,
			);
			mainGroup = 211281E521BEBBB90016E7F9;
			productRefGroup = 211281F021BEBBB90016E7F9 /* Products */;
			projectDirPath = "";
			projectRoot = "";
			targets = (
				211281EE21BEBBB90016E7F9 /* MyFramework2 */,
				211281F721BEBBB90016E7F9 /* MyFramework2Tests */,
			);
		};
/* End PBXProject section */

/* Begin PBXResourcesBuildPhase section */
		211281ED21BEBBB90016E7F9 /* Resources */ = {
			isa = PBXResourcesBuildPhase;
			buildActionMask = 2147483647;
			files = (
			);
			runOnlyForDeploymentPostprocessing = 0;
		};
		211281F621BEBBB90016E7F9 /* Resources */ = {
			isa = PBXResourcesBuildPhase;
			buildActionMask = 2147483647;
			files = (
			);
			runOnlyForDeploymentPostprocessing = 0;
		};
/* End PBXResourcesBuildPhase section */

/* Begin PBXSourcesBuildPhase section */
		211281EB21BEBBB90016E7F9 /* Sources */ = {
			isa = PBXSourcesBuildPhase;
			buildActionMask = 2147483647;
			files = (
				2112820A21BEBC600016E7F9 /* MyClass.swift in Sources */,
			);
			runOnlyForDeploymentPostprocessing = 0;
		};
		211281F421BEBBB90016E7F9 /* Sources */ = {
			isa = PBXSourcesBuildPhase;
			buildActionMask = 2147483647;
			files = (
				211281FE21BEBBB90016E7F9 /* MyFramework2Tests.swift in Sources */,
			);
			runOnlyForDeploymentPostprocessing = 0;
		};
/* End PBXSourcesBuildPhase section */

/* Begin PBXTargetDependency section */
		211281FB21BEBBB90016E7F9 /* PBXTargetDependency */ = {
			isa = PBXTargetDependency;
			target = 211281EE21BEBBB90016E7F9 /* MyFramework2 */;
			targetProxy = 211281FA21BEBBB90016E7F9 /* PBXContainerItemProxy */;
		};
/* End PBXTargetDependency section */

/* Begin XCBuildConfiguration section */
		2112820121BEBBB90016E7F9 /* Debug */ = {
			isa = XCBuildConfiguration;
			buildSettings = {
				ALWAYS_SEARCH_USER_PATHS = NO;
				CLANG_ANALYZER_NONNULL = YES;
				CLANG_ANALYZER_NUMBER_OBJECT_CONVERSION = YES_AGGRESSIVE;
				CLANG_CXX_LANGUAGE_STANDARD = "gnu++14";
				CLANG_CXX_LIBRARY = "libc++";
				CLANG_ENABLE_MODULES = YES;
				CLANG_ENABLE_OBJC_ARC = YES;
				CLANG_ENABLE_OBJC_WEAK = YES;
				CLANG_WARN_BLOCK_CAPTURE_AUTORELEASING = YES;
				CLANG_WARN_BOOL_CONVERSION = YES;
				CLANG_WARN_COMMA = YES;
				CLANG_WARN_CONSTANT_CONVERSION = YES;
				CLANG_WARN_DEPRECATED_OBJC_IMPLEMENTATIONS = YES;
				CLANG_WARN_DIRECT_OBJC_ISA_USAGE = YES_ERROR;
				CLANG_WARN_DOCUMENTATION_COMMENTS = YES;
				CLANG_WARN_EMPTY_BODY = YES;
				CLANG_WARN_ENUM_CONVERSION = YES;
				CLANG_WARN_INFINITE_RECURSION = YES;
				CLANG_WARN_INT_CONVERSION = YES;
				CLANG_WARN_NON_LITERAL_NULL_CONVERSION = YES;
				CLANG_WARN_OBJC_IMPLICIT_RETAIN_SELF = YES;
				CLANG_WARN_OBJC_LITERAL_CONVERSION = YES;
				CLANG_WARN_OBJC_ROOT_CLASS = YES_ERROR;
				CLANG_WARN_RANGE_LOOP_ANALYSIS = YES;
				CLANG_WARN_STRICT_PROTOTYPES = YES;
				CLANG_WARN_SUSPICIOUS_MOVE = YES;
				CLANG_WARN_UNGUARDED_AVAILABILITY = YES_AGGRESSIVE;
				CLANG_WARN_UNREACHABLE_CODE = YES;
				CLANG_WARN__DUPLICATE_METHOD_MATCH = YES;
				CODE_SIGN_IDENTITY = "iPhone Developer";
				COPY_PHASE_STRIP = NO;
				CURRENT_PROJECT_VERSION = 1;
				DEBUG_INFORMATION_FORMAT = dwarf;
				ENABLE_STRICT_OBJC_MSGSEND = YES;
				ENABLE_TESTABILITY = YES;
				GCC_C_LANGUAGE_STANDARD = gnu11;
				GCC_DYNAMIC_NO_PIC = NO;
				GCC_NO_COMMON_BLOCKS = YES;
				GCC_OPTIMIZATION_LEVEL = 0;
				GCC_PREPROCESSOR_DEFINITIONS = (
					"DEBUG=1",
					"$(inherited)",
				);
				GCC_WARN_64_TO_32_BIT_CONVERSION = YES;
				GCC_WARN_ABOUT_RETURN_TYPE = YES_ERROR;
				GCC_WARN_UNDECLARED_SELECTOR = YES;
				GCC_WARN_UNINITIALIZED_AUTOS = YES_AGGRESSIVE;
				GCC_WARN_UNUSED_FUNCTION = YES;
				GCC_WARN_UNUSED_VARIABLE = YES;
				IPHONEOS_DEPLOYMENT_TARGET = 12.1;
				MTL_ENABLE_DEBUG_INFO = INCLUDE_SOURCE;
				MTL_FAST_MATH = YES;
				ONLY_ACTIVE_ARCH = YES;
				SDKROOT = iphoneos;
				SWIFT_ACTIVE_COMPILATION_CONDITIONS = DEBUG;
				SWIFT_OPTIMIZATION_LEVEL = "-Onone";
				VERSIONING_SYSTEM = "apple-generic";
				VERSION_INFO_PREFIX = "";
			};
			name = Debug;
		};
		2112820221BEBBB90016E7F9 /* Release */ = {
			isa = XCBuildConfiguration;
			buildSettings = {
				ALWAYS_SEARCH_USER_PATHS = NO;
				CLANG_ANALYZER_NONNULL = YES;
				CLANG_ANALYZER_NUMBER_OBJECT_CONVERSION = YES_AGGRESSIVE;
				CLANG_CXX_LANGUAGE_STANDARD = "gnu++14";
				CLANG_CXX_LIBRARY = "libc++";
				CLANG_ENABLE_MODULES = YES;
				CLANG_ENABLE_OBJC_ARC = YES;
				CLANG_ENABLE_OBJC_WEAK = YES;
				CLANG_WARN_BLOCK_CAPTURE_AUTORELEASING = YES;
				CLANG_WARN_BOOL_CONVERSION = YES;
				CLANG_WARN_COMMA = YES;
				CLANG_WARN_CONSTANT_CONVERSION = YES;
				CLANG_WARN_DEPRECATED_OBJC_IMPLEMENTATIONS = YES;
				CLANG_WARN_DIRECT_OBJC_ISA_USAGE = YES_ERROR;
				CLANG_WARN_DOCUMENTATION_COMMENTS = YES;
				CLANG_WARN_EMPTY_BODY = YES;
				CLANG_WARN_ENUM_CONVERSION = YES;
				CLANG_WARN_INFINITE_RECURSION = YES;
				CLANG_WARN_INT_CONVERSION = YES;
				CLANG_WARN_NON_LITERAL_NULL_CONVERSION = YES;
				CLANG_WARN_OBJC_IMPLICIT_RETAIN_SELF = YES;
				CLANG_WARN_OBJC_LITERAL_CONVERSION = YES;
				CLANG_WARN_OBJC_ROOT_CLASS = YES_ERROR;
				CLANG_WARN_RANGE_LOOP_ANALYSIS = YES;
				CLANG_WARN_STRICT_PROTOTYPES = YES;
				CLANG_WARN_SUSPICIOUS_MOVE = YES;
				CLANG_WARN_UNGUARDED_AVAILABILITY = YES_AGGRESSIVE;
				CLANG_WARN_UNREACHABLE_CODE = YES;
				CLANG_WARN__DUPLICATE_METHOD_MATCH = YES;
				CODE_SIGN_IDENTITY = "iPhone Developer";
				COPY_PHASE_STRIP = NO;
				CURRENT_PROJECT_VERSION = 1;
				DEBUG_INFORMATION_FORMAT = "dwarf-with-dsym";
				ENABLE_NS_ASSERTIONS = NO;
				ENABLE_STRICT_OBJC_MSGSEND = YES;
				GCC_C_LANGUAGE_STANDARD = gnu11;
				GCC_NO_COMMON_BLOCKS = YES;
				GCC_WARN_64_TO_32_BIT_CONVERSION = YES;
				GCC_WARN_ABOUT_RETURN_TYPE = YES_ERROR;
				GCC_WARN_UNDECLARED_SELECTOR = YES;
				GCC_WARN_UNINITIALIZED_AUTOS = YES_AGGRESSIVE;
				GCC_WARN_UNUSED_FUNCTION = YES;
				GCC_WARN_UNUSED_VARIABLE = YES;
				IPHONEOS_DEPLOYMENT_TARGET = 12.1;
				MTL_ENABLE_DEBUG_INFO = NO;
				MTL_FAST_MATH = YES;
				SDKROOT = iphoneos;
				SWIFT_COMPILATION_MODE = wholemodule;
				SWIFT_OPTIMIZATION_LEVEL = "-O";
				VALIDATE_PRODUCT = YES;
				VERSIONING_SYSTEM = "apple-generic";
				VERSION_INFO_PREFIX = "";
			};
			name = Release;
		};
		2112820421BEBBB90016E7F9 /* Debug */ = {
			isa = XCBuildConfiguration;
			buildSettings = {
				CLANG_ENABLE_MODULES = YES;
				CODE_SIGN_IDENTITY = "";
				CODE_SIGN_STYLE = Automatic;
				DEFINES_MODULE = YES;
				DYLIB_COMPATIBILITY_VERSION = 1;
				DYLIB_CURRENT_VERSION = 1;
				DYLIB_INSTALL_NAME_BASE = "@rpath";
				INFOPLIST_FILE = MyFramework2/Info.plist;
				INSTALL_PATH = "$(LOCAL_LIBRARY_DIR)/Frameworks";
				IPHONEOS_DEPLOYMENT_TARGET = 9.0;
				LD_RUNPATH_SEARCH_PATHS = (
					"$(inherited)",
					"@executable_path/Frameworks",
					"@loader_path/Frameworks",
				);
				OTHER_LDFLAGS = "-all_load";
				PRODUCT_BUNDLE_IDENTIFIER = com.xiaoyao.MyFramework2;
				PRODUCT_NAME = "$(TARGET_NAME:c99extidentifier)";
				SKIP_INSTALL = YES;
				SWIFT_OPTIMIZATION_LEVEL = "-Onone";
				SWIFT_VERSION = 4.2;
				TARGETED_DEVICE_FAMILY = "1,2";
			};
			name = Debug;
		};
		2112820521BEBBB90016E7F9 /* Release */ = {
			isa = XCBuildConfiguration;
			buildSettings = {
				CLANG_ENABLE_MODULES = YES;
				CODE_SIGN_IDENTITY = "";
				CODE_SIGN_STYLE = Automatic;
				DEFINES_MODULE = YES;
				DYLIB_COMPATIBILITY_VERSION = 1;
				DYLIB_CURRENT_VERSION = 1;
				DYLIB_INSTALL_NAME_BASE = "@rpath";
				INFOPLIST_FILE = MyFramework2/Info.plist;
				INSTALL_PATH = "$(LOCAL_LIBRARY_DIR)/Frameworks";
				IPHONEOS_DEPLOYMENT_TARGET = 9.0;
				LD_RUNPATH_SEARCH_PATHS = (
					"$(inherited)",
					"@executable_path/Frameworks",
					"@loader_path/Frameworks",
				);
				OTHER_LDFLAGS = "-all_load";
				PRODUCT_BUNDLE_IDENTIFIER = com.xiaoyao.MyFramework2;
				PRODUCT_NAME = "$(TARGET_NAME:c99extidentifier)";
				SKIP_INSTALL = YES;
				SWIFT_VERSION = 4.2;
				TARGETED_DEVICE_FAMILY = "1,2";
			};
			name = Release;
		};
		2112820721BEBBB90016E7F9 /* Debug */ = {
			isa = XCBuildConfiguration;
			buildSettings = {
				ALWAYS_EMBED_SWIFT_STANDARD_LIBRARIES = YES;
				CODE_SIGN_STYLE = Automatic;
				INFOPLIST_FILE = MyFramework2Tests/Info.plist;
				LD_RUNPATH_SEARCH_PATHS = (
					"$(inherited)",
					"@executable_path/Frameworks",
					"@loader_path/Frameworks",
				);
				PRODUCT_BUNDLE_IDENTIFIER = com.xiaoyao.MyFramework2Tests;
				PRODUCT_NAME = "$(TARGET_NAME)";
				SWIFT_VERSION = 4.2;
				TARGETED_DEVICE_FAMILY = "1,2";
			};
			name = Debug;
		};
		2112820821BEBBB90016E7F9 /* Release */ = {
			isa = XCBuildConfiguration;
			buildSettings = {
				ALWAYS_EMBED_SWIFT_STANDARD_LIBRARIES = YES;
				CODE_SIGN_STYLE = Automatic;
				INFOPLIST_FILE = MyFramework2Tests/Info.plist;
				LD_RUNPATH_SEARCH_PATHS = (
					"$(inherited)",
					"@executable_path/Frameworks",
					"@loader_path/Frameworks",
				);
				PRODUCT_BUNDLE_IDENTIFIER = com.xiaoyao.MyFramework2Tests;
				PRODUCT_NAME = "$(TARGET_NAME)";
				SWIFT_VERSION = 4.2;
				TARGETED_DEVICE_FAMILY = "1,2";
			};
			name = Release;
		};
/* End XCBuildConfiguration section */

/* Begin XCConfigurationList section */
		211281E921BEBBB90016E7F9 /* Build configuration list for PBXProject "MyFramework2" */ = {
			isa = XCConfigurationList;
			buildConfigurations = (
				2112820121BEBBB90016E7F9 /* Debug */,
				2112820221BEBBB90016E7F9 /* Release */,
			);
			defaultConfigurationIsVisible = 0;
			defaultConfigurationName = Release;
		};
		2112820321BEBBB90016E7F9 /* Build configuration list for PBXNativeTarget "MyFramework2" */ = {
			isa = XCConfigurationList;
			buildConfigurations = (
				2112820421BEBBB90016E7F9 /* Debug */,
				2112820521BEBBB90016E7F9 /* Release */,
			);
			defaultConfigurationIsVisible = 0;
			defaultConfigurationName = Release;
		};
		2112820621BEBBB90016E7F9 /* Build configuration list for PBXNativeTarget "MyFramework2Tests" */ = {
			isa = XCConfigurationList;
			buildConfigurations = (
				2112820721BEBBB90016E7F9 /* Debug */,
				2112820821BEBBB90016E7F9 /* Release */,
			);
			defaultConfigurationIsVisible = 0;
			defaultConfigurationName = Release;
		};
/* End XCConfigurationList section */
	};
	rootObject = 211281E621BEBBB90016E7F9 /* Project object */;
}
